
Microsoft Visual Studio Solution File, Format Version 12.00
# Visual Studio Version 16
VisualStudioVersion = 16.0.30204.135
MinimumVisualStudioVersion = 10.0.40219.1
Project("{FAE04EC0-301F-11D3-BF4B-00C04F79EFBC}") = "AdventureGame_Library1", "AdventureGame_Library1\AdventureGame_Library1.csproj", "{13D113D6-59DA-4C42-AFF9-C21477E1D4D0}"
EndProject
Project("{FAE04EC0-301F-11D3-BF4B-00C04F79EFBC}") = "AdventureGame_Console", "AdventureGame_Console\AdventureGame_Console.csproj", "{211E6C12-6501-4681-87BE-2CD90F6305FF}"
EndProject
Global
	GlobalSection(SolutionConfigurationPlatforms) = preSolution
		Debug|Any CPU = Debug|Any CPU
		Release|Any CPU = Release|Any CPU
	EndGlobalSection
	GlobalSection(ProjectConfigurationPlatforms) = postSolution
		{13D113D6-59DA-4C42-AFF9-C21477E1D4D0}.Debug|Any CPU.ActiveCfg = Debug|Any CPU
		{13D113D6-59DA-4C42-AFF9-C21477E1D4D0}.Debug|Any CPU.Build.0 = Debug|Any CPU
		{13D113D6-59DA-4C42-AFF9-C21477E1D4D0}.Release|Any CPU.ActiveCfg = Release|Any CPU
		{13D113D6-59DA-4C42-AFF9-C21477E1D4D0}.Release|Any CPU.Build.0 = Release|Any CPU
		{211E6C12-6501-4681-87BE-2CD90F6305FF}.Debug|Any CPU.ActiveCfg = Debug|Any CPU
		{211E6C12-6501-4681-87BE-2CD90F6305FF}.Debug|Any CPU.Build.0 = Debug|Any CPU
		{211E6C12-6501-4681-87BE-2CD90F6305FF}.Release|Any CPU.ActiveCfg = Release|Any CPU
		{211E6C12-6501-4681-87BE-2CD90F6305FF}.Release|Any CPU.Build.0 = Release|Any CPU
	EndGlobalSection
	GlobalSection(SolutionProperties) = preSolution
		HideSolutionNode = FALSE
	EndGlobalSection
	GlobalSection(ExtensibilityGlobals) = postSolution
		SolutionGuid = {E845DCB3-8858-4AE0-88EF-E60E9ABAD481}
	EndGlobalSection
EndGlobal
